
Microsoft Visual Studio Solution File, Format Version 12.00
# Visual Studio Version 17
VisualStudioVersion = 17.9.34714.143
MinimumVisualStudioVersion = 10.0.40219.1
Project("{FAE04EC0-301F-11D3-BF4B-00C04F79EFBC}") = "bai4-webbanhang", "bai4-webbanhang\bai4-webbanhang.csproj", "{2B73BC83-F030-4F97-9CDC-653A357D2D47}"
EndProject
Global
	GlobalSection(SolutionConfigurationPlatforms) = preSolution
		Debug|Any CPU = Debug|Any CPU
		Release|Any CPU = Release|Any CPU
	EndGlobalSection
	GlobalSection(ProjectConfigurationPlatforms) = postSolution
		{2B73BC83-F030-4F97-9CDC-653A357D2D47}.Debug|Any CPU.ActiveCfg = Debug|Any CPU
		{2B73BC83-F030-4F97-9CDC-653A357D2D47}.Debug|Any CPU.Build.0 = Debug|Any CPU
		{2B73BC83-F030-4F97-9CDC-653A357D2D47}.Release|Any CPU.ActiveCfg = Release|Any CPU
		{2B73BC83-F030-4F97-9CDC-653A357D2D47}.Release|Any CPU.Build.0 = Release|Any CPU
	EndGlobalSection
	GlobalSection(SolutionProperties) = preSolution
		HideSolutionNode = FALSE
	EndGlobalSection
	GlobalSection(ExtensibilityGlobals) = postSolution
		SolutionGuid = {1E792F2A-47C2-4064-950E-A64EF1E7446B}
	EndGlobalSection
EndGlobal
